
Microsoft Visual Studio Solution File, Format Version 12.00
# Visual Studio Version 17
VisualStudioVersion = 17.5.33516.290
MinimumVisualStudioVersion = 10.0.40219.1
Project("{FAE04EC0-301F-11D3-BF4B-00C04F79EFBC}") = "TopSystemTest1", "TopSystemTest1.csproj", "{285A7F3A-6F4F-470C-8147-5D40348C6327}"
EndProject
Global
	GlobalSection(SolutionConfigurationPlatforms) = preSolution
		Debug|Any CPU = Debug|Any CPU
		Release|Any CPU = Release|Any CPU
	EndGlobalSection
	GlobalSection(ProjectConfigurationPlatforms) = postSolution
		{285A7F3A-6F4F-470C-8147-5D40348C6327}.Debug|Any CPU.ActiveCfg = Debug|Any CPU
		{285A7F3A-6F4F-470C-8147-5D40348C6327}.Debug|Any CPU.Build.0 = Debug|Any CPU
		{285A7F3A-6F4F-470C-8147-5D40348C6327}.Release|Any CPU.ActiveCfg = Release|Any CPU
		{285A7F3A-6F4F-470C-8147-5D40348C6327}.Release|Any CPU.Build.0 = Release|Any CPU
	EndGlobalSection
	GlobalSection(SolutionProperties) = preSolution
		HideSolutionNode = FALSE
	EndGlobalSection
	GlobalSection(ExtensibilityGlobals) = postSolution
		SolutionGuid = {52FE82A0-C3ED-4457-9129-5D373D9AEB61}
	EndGlobalSection
EndGlobal
